
Microsoft Visual Studio Solution File, Format Version 12.00
# Visual Studio 2015
Project("{FAE04EC0-301F-11D3-BF4B-00C04F79EFBC}") = "Tan2players.CSharp.Plugins", "Tan2players.CSharp.Plugins.csproj", "{988E2A26-E8AD-AAF0-1801-BD3CCA79347C}"
EndProject
Project("{FAE04EC0-301F-11D3-BF4B-00C04F79EFBC}") = "Tan2players.CSharp", "Tan2players.CSharp.csproj", "{435652CC-4E02-533C-41E5-69072908FF6C}"
EndProject
Project("{FAE04EC0-301F-11D3-BF4B-00C04F79EFBC}") = "Tan2players.CSharp.Editor", "Tan2players.CSharp.Editor.csproj", "{AD8FADA2-8593-9F76-7698-CB405AD0E763}"
EndProject
Global
	GlobalSection(SolutionConfigurationPlatforms) = preSolution
		Debug|Any CPU = Debug|Any CPU
		Release|Any CPU = Release|Any CPU
	EndGlobalSection
	GlobalSection(ProjectConfigurationPlatforms) = postSolution
		{988E2A26-E8AD-AAF0-1801-BD3CCA79347C}.Debug|Any CPU.ActiveCfg = Debug|Any CPU
		{988E2A26-E8AD-AAF0-1801-BD3CCA79347C}.Debug|Any CPU.Build.0 = Debug|Any CPU
		{988E2A26-E8AD-AAF0-1801-BD3CCA79347C}.Release|Any CPU.ActiveCfg = Release|Any CPU
		{988E2A26-E8AD-AAF0-1801-BD3CCA79347C}.Release|Any CPU.Build.0 = Release|Any CPU
		{435652CC-4E02-533C-41E5-69072908FF6C}.Debug|Any CPU.ActiveCfg = Debug|Any CPU
		{435652CC-4E02-533C-41E5-69072908FF6C}.Debug|Any CPU.Build.0 = Debug|Any CPU
		{435652CC-4E02-533C-41E5-69072908FF6C}.Release|Any CPU.ActiveCfg = Release|Any CPU
		{435652CC-4E02-533C-41E5-69072908FF6C}.Release|Any CPU.Build.0 = Release|Any CPU
		{AD8FADA2-8593-9F76-7698-CB405AD0E763}.Debug|Any CPU.ActiveCfg = Debug|Any CPU
		{AD8FADA2-8593-9F76-7698-CB405AD0E763}.Debug|Any CPU.Build.0 = Debug|Any CPU
		{AD8FADA2-8593-9F76-7698-CB405AD0E763}.Release|Any CPU.ActiveCfg = Release|Any CPU
		{AD8FADA2-8593-9F76-7698-CB405AD0E763}.Release|Any CPU.Build.0 = Release|Any CPU
	EndGlobalSection
	GlobalSection(SolutionProperties) = preSolution
		HideSolutionNode = FALSE
	EndGlobalSection
EndGlobal
